
Microsoft Visual Studio Solution File, Format Version 12.00
# Visual Studio Version 17
VisualStudioVersion = 17.4.33213.308
MinimumVisualStudioVersion = 10.0.40219.1
Project("{FAE04EC0-301F-11D3-BF4B-00C04F79EFBC}") = "VPet.ModMaker", "VPet.ModMaker\VPet.ModMaker.csproj", "{8F804A27-A57E-4799-801C-4DE96BA153BC}"
EndProject
Global
	GlobalSection(SolutionConfigurationPlatforms) = preSolution
		Debug|Any CPU = Debug|Any CPU
		Release|Any CPU = Release|Any CPU
	EndGlobalSection
	GlobalSection(ProjectConfigurationPlatforms) = postSolution
		{8F804A27-A57E-4799-801C-4DE96BA153BC}.Debug|Any CPU.ActiveCfg = Debug|Any CPU
		{8F804A27-A57E-4799-801C-4DE96BA153BC}.Debug|Any CPU.Build.0 = Debug|Any CPU
		{8F804A27-A57E-4799-801C-4DE96BA153BC}.Release|Any CPU.ActiveCfg = Release|Any CPU
		{8F804A27-A57E-4799-801C-4DE96BA153BC}.Release|Any CPU.Build.0 = Release|Any CPU
	EndGlobalSection
	GlobalSection(SolutionProperties) = preSolution
		HideSolutionNode = FALSE
	EndGlobalSection
	GlobalSection(ExtensibilityGlobals) = postSolution
		SolutionGuid = {DE04C712-253C-491A-B3F6-AC3E3C3569E9}
	EndGlobalSection
EndGlobal
